Microsoft Visual Studio Solution File, Format Version 12.00
# Visual Studio Version 17
VisualStudioVersion = 17.0.31912.275
MinimumVisualStudioVersion = 10.0.40219.1
Project("{9A19103F-16F7-4668-BE54-9A1E7A4F7556}") = "EntryControl.Lambdas.AuthLambda", "Lambdas\EntryControl.Lambdas.AuthLambda\EntryControl.Lambdas.AuthLambda.csproj", "{3E05B9F1-45B1-4D28-8D82-B9A2D2A58E18}"
EndProject
Project("{9A19103F-16F7-4668-BE54-9A1E7A4F7556}") = "EntryControl.Lambdas.DailyClosureLambda", "Lambdas\EntryControl.Lambdas.DailyClosureLambda\EntryControl.Lambdas.DailyClosureLambda.csproj", "{E4DBE56B-1CB5-42D2-A56C-749B10D6F929}"
EndProject
Project("{9A19103F-16F7-4668-BE54-9A1E7A4F7556}") = "EntryControl.Cloud.Data", "EntryControl.Cloud.Data\EntryControl.Cloud.Data.csproj", "{66363E54-FF0E-48F8-8C89-4F2AD4CB87C3}"
EndProject
Project("{9A19103F-16F7-4668-BE54-9A1E7A4F7556}") = "EntryControl.Cloud.Core", "EntryControl.Cloud.Core\EntryControl.Cloud.Core.csproj", "{0C3EE107-E14A-4F9A-9BC4-94CCDA3D038B}"
EndProject
Project("{2150E333-8FDC-42A3-9474-1A3956D46DE8}") = "SolutionItems", "SolutionItems", "{7FCD994D-4C2A-45DF-8FE4-CA86C7703284}"
	ProjectSection(SolutionItems) = preProject
		README.md = README.md
	EndProjectSection
EndProject
Project("{2150E333-8FDC-42A3-9474-1A3956D46DE8}") = "Client", "Client", "{AF70FF8C-A5CE-4F4B-BD2E-3A20C07EB364}"
EndProject
Project("{2150E333-8FDC-42A3-9474-1A3956D46DE8}") = "Cloud", "Cloud", "{2E0E4F44-58E3-4392-B915-89F44058C929}"
EndProject
Project("{2150E333-8FDC-42A3-9474-1A3956D46DE8}") = "Core", "Core", "{28C3625A-D833-4C2B-BBAA-CDE8ED83D9A5}"
EndProject
Project("{2150E333-8FDC-42A3-9474-1A3956D46DE8}") = "Tests", "Tests", "{03A2817B-A88F-477E-AD95-C20FA2F757E1}"
EndProject
Project("{2150E333-8FDC-42A3-9474-1A3956D46DE8}") = "Source", "Source", "{97CF8135-689D-4F36-9908-58B7F1279215}"
EndProject
Project("{9A19103F-16F7-4668-BE54-9A1E7A4F7556}") = "EntryControl.POS.App", "EntryControl.POS.App\EntryControl.POS.App.csproj", "{F0F6D3F6-46AE-405F-89E4-0174FD62C189}"
EndProject
Project("{2150E333-8FDC-42A3-9474-1A3956D46DE8}") = "Client", "Client", "{F4D766CA-DDE6-497D-9FF8-A2511DEC929A}"
EndProject
Project("{2150E333-8FDC-42A3-9474-1A3956D46DE8}") = "Cloud", "Cloud", "{4A8F4114-6F8D-4DBE-96FD-9C6DD536210A}"
EndProject
Project("{9A19103F-16F7-4668-BE54-9A1E7A4F7556}") = "EntryControl.Cloud.Tests", "Tests\Cloud\EntryControl.Cloud.Tests.csproj", "{1A4C0A69-CA5A-425D-B704-654F8AFB1B81}"
EndProject
Project("{9A19103F-16F7-4668-BE54-9A1E7A4F7556}") = "EntryControl.POS.Tests", "Tests\Client\EntryControl.POS.Tests.csproj", "{1C876AAE-BCBD-4150-9BB0-090C8237EF13}"
EndProject
Project("{2150E333-8FDC-42A3-9474-1A3956D46DE8}") = "Pipelines", "Pipelines", "{8C7E1BB9-D959-4B49-A0C9-D4B68476C23A}"
	ProjectSection(SolutionItems) = preProject
		.github\workflows\deploy.yml = .github\workflows\deploy.yml
	EndProjectSection
EndProject
Project("{2150E333-8FDC-42A3-9474-1A3956D46DE8}") = "Infrastructure", "Infrastructure", "{410FF341-A64F-4A51-8B90-4A154C333F53}"
	ProjectSection(SolutionItems) = preProject
		Infrastructure\cloudformation.yml = Infrastructure\cloudformation.yml
	EndProjectSection
EndProject
Project("{9A19103F-16F7-4668-BE54-9A1E7A4F7556}") = "EntryControl.Lambdas.ReportsLambda", "Lambdas\EntryControl.Lambdas.ReportsLambda\EntryControl.Lambdas.ReportsLambda.csproj", "{56CC698C-3E57-4BB6-860C-308B0CC4F25B}"
EndProject
Project("{9A19103F-16F7-4668-BE54-9A1E7A4F7556}") = "EntryControl.Lambdas.ScheduledTriggerLambda", "Lambdas\EntryControl.Lambdas.ScheduledTriggerLambda\EntryControl.Lambdas.ScheduledTriggerLambda.csproj", "{C3FFC708-E7B3-4E19-8A4B-A8151274A31A}"
EndProject
Project("{9A19103F-16F7-4668-BE54-9A1E7A4F7556}") = "EntryControl.Lambdas.RegisterMovementLambda", "Lambdas\EntryControl.Lambdas.RegisterMovementLambda\EntryControl.Lambdas.RegisterMovementLambda.csproj", "{F0532DFC-1BEA-41EF-A662-2879D023632B}"
EndProject
Project("{2150E333-8FDC-42A3-9474-1A3956D46DE8}") = "Lambdas", "Lambdas", "{1767D3F5-1FD1-4D08-B2DA-8088E87ECAB6}"
EndProject
Project("{2150E333-8FDC-42A3-9474-1A3956D46DE8}") = "Front", "Front", "{194EBE41-8D9A-48FC-A118-E794DEBB3730}"
EndProject
Project("{54A90642-561A-4BB1-A94E-469ADEE60C69}") = "EntryControl.FrontEnd", "EntryControl.FrontEnd\EntryControl.FrontEnd.esproj", "{5CF040C5-37AB-41EA-9DBF-ED0E5D688207}"
EndProject
Project("{9A19103F-16F7-4668-BE54-9A1E7A4F7556}") = "EntryControl.POS.Data", "EntryControl.POS.Data\EntryControl.POS.Data.csproj", "{6F2AC2B6-9EFE-454B-9E7F-77D3D4F12922}"
EndProject
Project("{9A19103F-16F7-4668-BE54-9A1E7A4F7556}") = "EntryControl.POS.Core", "EntryControl.POS.Core\EntryControl.POS.Core.csproj", "{B730397D-A5FE-42AE-84EE-E6C2C7A461C9}"
EndProject
Project("{9A19103F-16F7-4668-BE54-9A1E7A4F7556}") = "EntryControl.POS.Services", "EntryControl.POS.Services\EntryControl.POS.Services.csproj", "{4C016676-E650-4539-BC8E-361A29982E1D}"
EndProject
Project("{9A19103F-16F7-4668-BE54-9A1E7A4F7556}") = "EntryControl.Assembly", "EntryControl.App\EntryControl.Assembly.csproj", "{109C7C8F-6272-4729-85EB-0608A36CB52C}"
EndProject
Project("{9A19103F-16F7-4668-BE54-9A1E7A4F7556}") = "EntryControl.POS.Domain", "EntryControl.POS.Domain\EntryControl.POS.Domain.csproj", "{E9D1EF83-77D9-489D-8224-9954E934BD65}"
EndProject
Project("{2150E333-8FDC-42A3-9474-1A3956D46DE8}") = "Contract", "Contract", "{A090C5A8-493D-4765-81F5-023D2863A5BC}"
EndProject
Project("{9A19103F-16F7-4668-BE54-9A1E7A4F7556}") = "EntryControl.Contracts", "EntryControl.Contracts\EntryControl.Contracts.csproj", "{116C7673-E69C-466D-BA15-74CFC39D8065}"
EndProject
Project("{9A19103F-16F7-4668-BE54-9A1E7A4F7556}") = "EntryControl.Cloud.Domain", "EntryControl.Cloud.Domain\EntryControl.Cloud.Domain.csproj", "{26384B03-7753-4D67-91AD-2C396EFEA8E3}"
EndProject
Global
	GlobalSection(SolutionConfigurationPlatforms) = preSolution
		Debug|Any CPU = Debug|Any CPU
		Release|Any CPU = Release|Any CPU
	EndGlobalSection
	GlobalSection(ProjectConfigurationPlatforms) = postSolution
		{3E05B9F1-45B1-4D28-8D82-B9A2D2A58E18}.Debug|Any CPU.ActiveCfg = Debug|Any CPU
		{3E05B9F1-45B1-4D28-8D82-B9A2D2A58E18}.Debug|Any CPU.Build.0 = Debug|Any CPU
		{3E05B9F1-45B1-4D28-8D82-B9A2D2A58E18}.Release|Any CPU.ActiveCfg = Release|Any CPU
		{3E05B9F1-45B1-4D28-8D82-B9A2D2A58E18}.Release|Any CPU.Build.0 = Release|Any CPU
		{E4DBE56B-1CB5-42D2-A56C-749B10D6F929}.Debug|Any CPU.ActiveCfg = Debug|Any CPU
		{E4DBE56B-1CB5-42D2-A56C-749B10D6F929}.Debug|Any CPU.Build.0 = Debug|Any CPU
		{E4DBE56B-1CB5-42D2-A56C-749B10D6F929}.Release|Any CPU.ActiveCfg = Release|Any CPU
		{E4DBE56B-1CB5-42D2-A56C-749B10D6F929}.Release|Any CPU.Build.0 = Release|Any CPU
		{66363E54-FF0E-48F8-8C89-4F2AD4CB87C3}.Debug|Any CPU.ActiveCfg = Debug|Any CPU
		{66363E54-FF0E-48F8-8C89-4F2AD4CB87C3}.Debug|Any CPU.Build.0 = Debug|Any CPU
		{66363E54-FF0E-48F8-8C89-4F2AD4CB87C3}.Release|Any CPU.ActiveCfg = Release|Any CPU
		{66363E54-FF0E-48F8-8C89-4F2AD4CB87C3}.Release|Any CPU.Build.0 = Release|Any CPU
		{0C3EE107-E14A-4F9A-9BC4-94CCDA3D038B}.Debug|Any CPU.ActiveCfg = Debug|Any CPU
		{0C3EE107-E14A-4F9A-9BC4-94CCDA3D038B}.Debug|Any CPU.Build.0 = Debug|Any CPU
		{0C3EE107-E14A-4F9A-9BC4-94CCDA3D038B}.Release|Any CPU.ActiveCfg = Release|Any CPU
		{0C3EE107-E14A-4F9A-9BC4-94CCDA3D038B}.Release|Any CPU.Build.0 = Release|Any CPU
		{F0F6D3F6-46AE-405F-89E4-0174FD62C189}.Debug|Any CPU.ActiveCfg = Debug|Any CPU
		{F0F6D3F6-46AE-405F-89E4-0174FD62C189}.Debug|Any CPU.Build.0 = Debug|Any CPU
		{F0F6D3F6-46AE-405F-89E4-0174FD62C189}.Release|Any CPU.ActiveCfg = Release|Any CPU
		{F0F6D3F6-46AE-405F-89E4-0174FD62C189}.Release|Any CPU.Build.0 = Release|Any CPU
		{1A4C0A69-CA5A-425D-B704-654F8AFB1B81}.Debug|Any CPU.ActiveCfg = Debug|Any CPU
		{1A4C0A69-CA5A-425D-B704-654F8AFB1B81}.Debug|Any CPU.Build.0 = Debug|Any CPU
		{1A4C0A69-CA5A-425D-B704-654F8AFB1B81}.Release|Any CPU.ActiveCfg = Release|Any CPU
		{1A4C0A69-CA5A-425D-B704-654F8AFB1B81}.Release|Any CPU.Build.0 = Release|Any CPU
		{1C876AAE-BCBD-4150-9BB0-090C8237EF13}.Debug|Any CPU.ActiveCfg = Debug|Any CPU
		{1C876AAE-BCBD-4150-9BB0-090C8237EF13}.Debug|Any CPU.Build.0 = Debug|Any CPU
		{1C876AAE-BCBD-4150-9BB0-090C8237EF13}.Release|Any CPU.ActiveCfg = Release|Any CPU
		{1C876AAE-BCBD-4150-9BB0-090C8237EF13}.Release|Any CPU.Build.0 = Release|Any CPU
		{56CC698C-3E57-4BB6-860C-308B0CC4F25B}.Debug|Any CPU.ActiveCfg = Debug|Any CPU
		{56CC698C-3E57-4BB6-860C-308B0CC4F25B}.Debug|Any CPU.Build.0 = Debug|Any CPU
		{56CC698C-3E57-4BB6-860C-308B0CC4F25B}.Release|Any CPU.ActiveCfg = Release|Any CPU
		{56CC698C-3E57-4BB6-860C-308B0CC4F25B}.Release|Any CPU.Build.0 = Release|Any CPU
		{C3FFC708-E7B3-4E19-8A4B-A8151274A31A}.Debug|Any CPU.ActiveCfg = Debug|Any CPU
		{C3FFC708-E7B3-4E19-8A4B-A8151274A31A}.Debug|Any CPU.Build.0 = Debug|Any CPU
		{C3FFC708-E7B3-4E19-8A4B-A8151274A31A}.Release|Any CPU.ActiveCfg = Release|Any CPU
		{C3FFC708-E7B3-4E19-8A4B-A8151274A31A}.Release|Any CPU.Build.0 = Release|Any CPU
		{F0532DFC-1BEA-41EF-A662-2879D023632B}.Debug|Any CPU.ActiveCfg = Debug|Any CPU
		{F0532DFC-1BEA-41EF-A662-2879D023632B}.Debug|Any CPU.Build.0 = Debug|Any CPU
		{F0532DFC-1BEA-41EF-A662-2879D023632B}.Release|Any CPU.ActiveCfg = Release|Any CPU
		{F0532DFC-1BEA-41EF-A662-2879D023632B}.Release|Any CPU.Build.0 = Release|Any CPU
		{5CF040C5-37AB-41EA-9DBF-ED0E5D688207}.Debug|Any CPU.ActiveCfg = Debug|Any CPU
		{5CF040C5-37AB-41EA-9DBF-ED0E5D688207}.Debug|Any CPU.Build.0 = Debug|Any CPU
		{5CF040C5-37AB-41EA-9DBF-ED0E5D688207}.Debug|Any CPU.Deploy.0 = Debug|Any CPU
		{5CF040C5-37AB-41EA-9DBF-ED0E5D688207}.Release|Any CPU.ActiveCfg = Release|Any CPU
		{5CF040C5-37AB-41EA-9DBF-ED0E5D688207}.Release|Any CPU.Build.0 = Release|Any CPU
		{5CF040C5-37AB-41EA-9DBF-ED0E5D688207}.Release|Any CPU.Deploy.0 = Release|Any CPU
		{6F2AC2B6-9EFE-454B-9E7F-77D3D4F12922}.Debug|Any CPU.ActiveCfg = Debug|Any CPU
		{6F2AC2B6-9EFE-454B-9E7F-77D3D4F12922}.Debug|Any CPU.Build.0 = Debug|Any CPU
		{6F2AC2B6-9EFE-454B-9E7F-77D3D4F12922}.Release|Any CPU.ActiveCfg = Release|Any CPU
		{6F2AC2B6-9EFE-454B-9E7F-77D3D4F12922}.Release|Any CPU.Build.0 = Release|Any CPU
		{B730397D-A5FE-42AE-84EE-E6C2C7A461C9}.Debug|Any CPU.ActiveCfg = Debug|Any CPU
		{B730397D-A5FE-42AE-84EE-E6C2C7A461C9}.Debug|Any CPU.Build.0 = Debug|Any CPU
		{B730397D-A5FE-42AE-84EE-E6C2C7A461C9}.Release|Any CPU.ActiveCfg = Release|Any CPU
		{B730397D-A5FE-42AE-84EE-E6C2C7A461C9}.Release|Any CPU.Build.0 = Release|Any CPU
		{4C016676-E650-4539-BC8E-361A29982E1D}.Debug|Any CPU.ActiveCfg = Debug|Any CPU
		{4C016676-E650-4539-BC8E-361A29982E1D}.Debug|Any CPU.Build.0 = Debug|Any CPU
		{4C016676-E650-4539-BC8E-361A29982E1D}.Release|Any CPU.ActiveCfg = Release|Any CPU
		{4C016676-E650-4539-BC8E-361A29982E1D}.Release|Any CPU.Build.0 = Release|Any CPU
		{109C7C8F-6272-4729-85EB-0608A36CB52C}.Debug|Any CPU.ActiveCfg = Debug|Any CPU
		{109C7C8F-6272-4729-85EB-0608A36CB52C}.Debug|Any CPU.Build.0 = Debug|Any CPU
		{109C7C8F-6272-4729-85EB-0608A36CB52C}.Release|Any CPU.ActiveCfg = Release|Any CPU
		{109C7C8F-6272-4729-85EB-0608A36CB52C}.Release|Any CPU.Build.0 = Release|Any CPU
		{E9D1EF83-77D9-489D-8224-9954E934BD65}.Debug|Any CPU.ActiveCfg = Debug|Any CPU
		{E9D1EF83-77D9-489D-8224-9954E934BD65}.Debug|Any CPU.Build.0 = Debug|Any CPU
		{E9D1EF83-77D9-489D-8224-9954E934BD65}.Release|Any CPU.ActiveCfg = Release|Any CPU
		{E9D1EF83-77D9-489D-8224-9954E934BD65}.Release|Any CPU.Build.0 = Release|Any CPU
		{116C7673-E69C-466D-BA15-74CFC39D8065}.Debug|Any CPU.ActiveCfg = Debug|Any CPU
		{116C7673-E69C-466D-BA15-74CFC39D8065}.Debug|Any CPU.Build.0 = Debug|Any CPU
		{116C7673-E69C-466D-BA15-74CFC39D8065}.Release|Any CPU.ActiveCfg = Release|Any CPU
		{116C7673-E69C-466D-BA15-74CFC39D8065}.Release|Any CPU.Build.0 = Release|Any CPU
		{26384B03-7753-4D67-91AD-2C396EFEA8E3}.Debug|Any CPU.ActiveCfg = Debug|Any CPU
		{26384B03-7753-4D67-91AD-2C396EFEA8E3}.Debug|Any CPU.Build.0 = Debug|Any CPU
		{26384B03-7753-4D67-91AD-2C396EFEA8E3}.Release|Any CPU.ActiveCfg = Release|Any CPU
		{26384B03-7753-4D67-91AD-2C396EFEA8E3}.Release|Any CPU.Build.0 = Release|Any CPU
	EndGlobalSection
	GlobalSection(SolutionProperties) = preSolution
		HideSolutionNode = FALSE
	EndGlobalSection
	GlobalSection(NestedProjects) = preSolution
		{3E05B9F1-45B1-4D28-8D82-B9A2D2A58E18} = {1767D3F5-1FD1-4D08-B2DA-8088E87ECAB6}
		{E4DBE56B-1CB5-42D2-A56C-749B10D6F929} = {1767D3F5-1FD1-4D08-B2DA-8088E87ECAB6}
		{66363E54-FF0E-48F8-8C89-4F2AD4CB87C3} = {28C3625A-D833-4C2B-BBAA-CDE8ED83D9A5}
		{0C3EE107-E14A-4F9A-9BC4-94CCDA3D038B} = {28C3625A-D833-4C2B-BBAA-CDE8ED83D9A5}
		{AF70FF8C-A5CE-4F4B-BD2E-3A20C07EB364} = {97CF8135-689D-4F36-9908-58B7F1279215}
		{2E0E4F44-58E3-4392-B915-89F44058C929} = {97CF8135-689D-4F36-9908-58B7F1279215}
		{28C3625A-D833-4C2B-BBAA-CDE8ED83D9A5} = {2E0E4F44-58E3-4392-B915-89F44058C929}
		{F0F6D3F6-46AE-405F-89E4-0174FD62C189} = {AF70FF8C-A5CE-4F4B-BD2E-3A20C07EB364}
		{F4D766CA-DDE6-497D-9FF8-A2511DEC929A} = {03A2817B-A88F-477E-AD95-C20FA2F757E1}
		{4A8F4114-6F8D-4DBE-96FD-9C6DD536210A} = {03A2817B-A88F-477E-AD95-C20FA2F757E1}
		{1A4C0A69-CA5A-425D-B704-654F8AFB1B81} = {4A8F4114-6F8D-4DBE-96FD-9C6DD536210A}
		{1C876AAE-BCBD-4150-9BB0-090C8237EF13} = {F4D766CA-DDE6-497D-9FF8-A2511DEC929A}
		{56CC698C-3E57-4BB6-860C-308B0CC4F25B} = {1767D3F5-1FD1-4D08-B2DA-8088E87ECAB6}
		{C3FFC708-E7B3-4E19-8A4B-A8151274A31A} = {1767D3F5-1FD1-4D08-B2DA-8088E87ECAB6}
		{F0532DFC-1BEA-41EF-A662-2879D023632B} = {1767D3F5-1FD1-4D08-B2DA-8088E87ECAB6}
		{1767D3F5-1FD1-4D08-B2DA-8088E87ECAB6} = {2E0E4F44-58E3-4392-B915-89F44058C929}
		{194EBE41-8D9A-48FC-A118-E794DEBB3730} = {2E0E4F44-58E3-4392-B915-89F44058C929}
		{5CF040C5-37AB-41EA-9DBF-ED0E5D688207} = {194EBE41-8D9A-48FC-A118-E794DEBB3730}
		{6F2AC2B6-9EFE-454B-9E7F-77D3D4F12922} = {AF70FF8C-A5CE-4F4B-BD2E-3A20C07EB364}
		{B730397D-A5FE-42AE-84EE-E6C2C7A461C9} = {AF70FF8C-A5CE-4F4B-BD2E-3A20C07EB364}
		{4C016676-E650-4539-BC8E-361A29982E1D} = {AF70FF8C-A5CE-4F4B-BD2E-3A20C07EB364}
		{109C7C8F-6272-4729-85EB-0608A36CB52C} = {AF70FF8C-A5CE-4F4B-BD2E-3A20C07EB364}
		{E9D1EF83-77D9-489D-8224-9954E934BD65} = {AF70FF8C-A5CE-4F4B-BD2E-3A20C07EB364}
		{A090C5A8-493D-4765-81F5-023D2863A5BC} = {97CF8135-689D-4F36-9908-58B7F1279215}
		{116C7673-E69C-466D-BA15-74CFC39D8065} = {A090C5A8-493D-4765-81F5-023D2863A5BC}
		{26384B03-7753-4D67-91AD-2C396EFEA8E3} = {28C3625A-D833-4C2B-BBAA-CDE8ED83D9A5}
	EndGlobalSection
	GlobalSection(ExtensibilityGlobals) = postSolution
		SolutionGuid = {7B572069-1011-4B7E-B36E-DF5B074B4F1E}
	EndGlobalSection
EndGlobal
